
Microsoft Visual Studio Solution File, Format Version 12.00
# Visual Studio 14
VisualStudioVersion = 14.0.25420.1
MinimumVisualStudioVersion = 10.0.40219.1
Project("{FAE04EC0-301F-11D3-BF4B-00C04F79EFBC}") = "XamarinApp", "XamarinApp\XamarinApp\XamarinApp.csproj", "{24FAD19B-1423-49C3-A106-1C94098CD5B6}"
EndProject
Project("{FAE04EC0-301F-11D3-BF4B-00C04F79EFBC}") = "XamarinApp.Android", "XamarinApp\XamarinApp.Android\XamarinApp.Android.csproj", "{AC1AE555-016A-45BD-9AE7-E30C38783866}"
EndProject
Project("{FAE04EC0-301F-11D3-BF4B-00C04F79EFBC}") = "XamarinApp.iOS", "XamarinApp\XamarinApp.iOS\XamarinApp.iOS.csproj", "{0F84FE47-734B-4729-B4FA-E14AA0517A12}"
EndProject
Global
	GlobalSection(SolutionConfigurationPlatforms) = preSolution
		Debug|Any CPU = Debug|Any CPU
		Debug|ARM = Debug|ARM
		Debug|iPhone = Debug|iPhone
		Debug|iPhoneSimulator = Debug|iPhoneSimulator
		Debug|x64 = Debug|x64
		Debug|x86 = Debug|x86
		Release|Any CPU = Release|Any CPU
		Release|ARM = Release|ARM
		Release|iPhone = Release|iPhone
		Release|iPhoneSimulator = Release|iPhoneSimulator
		Release|x64 = Release|x64
		Release|x86 = Release|x86
	EndGlobalSection
	GlobalSection(ProjectConfigurationPlatforms) = postSolution
		{24FAD19B-1423-49C3-A106-1C94098CD5B6}.Debug|Any CPU.ActiveCfg = Debug|Any CPU
		{24FAD19B-1423-49C3-A106-1C94098CD5B6}.Debug|Any CPU.Build.0 = Debug|Any CPU
		{24FAD19B-1423-49C3-A106-1C94098CD5B6}.Debug|ARM.ActiveCfg = Debug|Any CPU
		{24FAD19B-1423-49C3-A106-1C94098CD5B6}.Debug|ARM.Build.0 = Debug|Any CPU
		{24FAD19B-1423-49C3-A106-1C94098CD5B6}.Debug|iPhone.ActiveCfg = Debug|Any CPU
		{24FAD19B-1423-49C3-A106-1C94098CD5B6}.Debug|iPhone.Build.0 = Debug|Any CPU
		{24FAD19B-1423-49C3-A106-1C94098CD5B6}.Debug|iPhoneSimulator.ActiveCfg = Debug|Any CPU
		{24FAD19B-1423-49C3-A106-1C94098CD5B6}.Debug|iPhoneSimulator.Build.0 = Debug|Any CPU
		{24FAD19B-1423-49C3-A106-1C94098CD5B6}.Debug|x64.ActiveCfg = Debug|Any CPU
		{24FAD19B-1423-49C3-A106-1C94098CD5B6}.Debug|x64.Build.0 = Debug|Any CPU
		{24FAD19B-1423-49C3-A106-1C94098CD5B6}.Debug|x86.ActiveCfg = Debug|Any CPU
		{24FAD19B-1423-49C3-A106-1C94098CD5B6}.Debug|x86.Build.0 = Debug|Any CPU
		{24FAD19B-1423-49C3-A106-1C94098CD5B6}.Release|Any CPU.ActiveCfg = Release|Any CPU
		{24FAD19B-1423-49C3-A106-1C94098CD5B6}.Release|Any CPU.Build.0 = Release|Any CPU
		{24FAD19B-1423-49C3-A106-1C94098CD5B6}.Release|ARM.ActiveCfg = Release|Any CPU
		{24FAD19B-1423-49C3-A106-1C94098CD5B6}.Release|ARM.Build.0 = Release|Any CPU
		{24FAD19B-1423-49C3-A106-1C94098CD5B6}.Release|iPhone.ActiveCfg = Release|Any CPU
		{24FAD19B-1423-49C3-A106-1C94098CD5B6}.Release|iPhone.Build.0 = Release|Any CPU
		{24FAD19B-1423-49C3-A106-1C94098CD5B6}.Release|iPhoneSimulator.ActiveCfg = Release|Any CPU
		{24FAD19B-1423-49C3-A106-1C94098CD5B6}.Release|iPhoneSimulator.Build.0 = Release|Any CPU
		{24FAD19B-1423-49C3-A106-1C94098CD5B6}.Release|x64.ActiveCfg = Release|Any CPU
		{24FAD19B-1423-49C3-A106-1C94098CD5B6}.Release|x64.Build.0 = Release|Any CPU
		{24FAD19B-1423-49C3-A106-1C94098CD5B6}.Release|x86.ActiveCfg = Release|Any CPU
		{24FAD19B-1423-49C3-A106-1C94098CD5B6}.Release|x86.Build.0 = Release|Any CPU
		{AC1AE555-016A-45BD-9AE7-E30C38783866}.Debug|Any CPU.ActiveCfg = Debug|Any CPU
		{AC1AE555-016A-45BD-9AE7-E30C38783866}.Debug|Any CPU.Build.0 = Debug|Any CPU
		{AC1AE555-016A-45BD-9AE7-E30C38783866}.Debug|Any CPU.Deploy.0 = Debug|Any CPU
		{AC1AE555-016A-45BD-9AE7-E30C38783866}.Debug|ARM.ActiveCfg = Debug|Any CPU
		{AC1AE555-016A-45BD-9AE7-E30C38783866}.Debug|ARM.Build.0 = Debug|Any CPU
		{AC1AE555-016A-45BD-9AE7-E30C38783866}.Debug|ARM.Deploy.0 = Debug|Any CPU
		{AC1AE555-016A-45BD-9AE7-E30C38783866}.Debug|iPhone.ActiveCfg = Debug|Any CPU
		{AC1AE555-016A-45BD-9AE7-E30C38783866}.Debug|iPhone.Build.0 = Debug|Any CPU
		{AC1AE555-016A-45BD-9AE7-E30C38783866}.Debug|iPhone.Deploy.0 = Debug|Any CPU
		{AC1AE555-016A-45BD-9AE7-E30C38783866}.Debug|iPhoneSimulator.ActiveCfg = Debug|Any CPU
		{AC1AE555-016A-45BD-9AE7-E30C38783866}.Debug|iPhoneSimulator.Build.0 = Debug|Any CPU
		{AC1AE555-016A-45BD-9AE7-E30C38783866}.Debug|iPhoneSimulator.Deploy.0 = Debug|Any CPU
		{AC1AE555-016A-45BD-9AE7-E30C38783866}.Debug|x64.ActiveCfg = Debug|Any CPU
		{AC1AE555-016A-45BD-9AE7-E30C38783866}.Debug|x64.Build.0 = Debug|Any CPU
		{AC1AE555-016A-45BD-9AE7-E30C38783866}.Debug|x64.Deploy.0 = Debug|Any CPU
		{AC1AE555-016A-45BD-9AE7-E30C38783866}.Debug|x86.ActiveCfg = Debug|Any CPU
		{AC1AE555-016A-45BD-9AE7-E30C38783866}.Debug|x86.Build.0 = Debug|Any CPU
		{AC1AE555-016A-45BD-9AE7-E30C38783866}.Debug|x86.Deploy.0 = Debug|Any CPU
		{AC1AE555-016A-45BD-9AE7-E30C38783866}.Release|Any CPU.ActiveCfg = Release|Any CPU
		{AC1AE555-016A-45BD-9AE7-E30C38783866}.Release|Any CPU.Build.0 = Release|Any CPU
		{AC1AE555-016A-45BD-9AE7-E30C38783866}.Release|Any CPU.Deploy.0 = Release|Any CPU
		{AC1AE555-016A-45BD-9AE7-E30C38783866}.Release|ARM.ActiveCfg = Release|Any CPU
		{AC1AE555-016A-45BD-9AE7-E30C38783866}.Release|ARM.Build.0 = Release|Any CPU
		{AC1AE555-016A-45BD-9AE7-E30C38783866}.Release|ARM.Deploy.0 = Release|Any CPU
		{AC1AE555-016A-45BD-9AE7-E30C38783866}.Release|iPhone.ActiveCfg = Release|Any CPU
		{AC1AE555-016A-45BD-9AE7-E30C38783866}.Release|iPhone.Build.0 = Release|Any CPU
		{AC1AE555-016A-45BD-9AE7-E30C38783866}.Release|iPhone.Deploy.0 = Release|Any CPU
		{AC1AE555-016A-45BD-9AE7-E30C38783866}.Release|iPhoneSimulator.ActiveCfg = Release|Any CPU
		{AC1AE555-016A-45BD-9AE7-E30C38783866}.Release|iPhoneSimulator.Build.0 = Release|Any CPU
		{AC1AE555-016A-45BD-9AE7-E30C38783866}.Release|iPhoneSimulator.Deploy.0 = Release|Any CPU
		{AC1AE555-016A-45BD-9AE7-E30C38783866}.Release|x64.ActiveCfg = Release|Any CPU
		{AC1AE555-016A-45BD-9AE7-E30C38783866}.Release|x64.Build.0 = Release|Any CPU
		{AC1AE555-016A-45BD-9AE7-E30C38783866}.Release|x64.Deploy.0 = Release|Any CPU
		{AC1AE555-016A-45BD-9AE7-E30C38783866}.Release|x86.ActiveCfg = Release|Any CPU
		{AC1AE555-016A-45BD-9AE7-E30C38783866}.Release|x86.Build.0 = Release|Any CPU
		{AC1AE555-016A-45BD-9AE7-E30C38783866}.Release|x86.Deploy.0 = Release|Any CPU
		{0F84FE47-734B-4729-B4FA-E14AA0517A12}.Debug|Any CPU.ActiveCfg = Debug|iPhone
		{0F84FE47-734B-4729-B4FA-E14AA0517A12}.Debug|ARM.ActiveCfg = Debug|iPhone
		{0F84FE47-734B-4729-B4FA-E14AA0517A12}.Debug|iPhone.ActiveCfg = Debug|iPhone
		{0F84FE47-734B-4729-B4FA-E14AA0517A12}.Debug|iPhone.Build.0 = Debug|iPhone
		{0F84FE47-734B-4729-B4FA-E14AA0517A12}.Debug|iPhoneSimulator.ActiveCfg = Debug|iPhoneSimulator
		{0F84FE47-734B-4729-B4FA-E14AA0517A12}.Debug|iPhoneSimulator.Build.0 = Debug|iPhoneSimulator
		{0F84FE47-734B-4729-B4FA-E14AA0517A12}.Debug|x64.ActiveCfg = Debug|iPhone
		{0F84FE47-734B-4729-B4FA-E14AA0517A12}.Debug|x86.ActiveCfg = Debug|iPhone
		{0F84FE47-734B-4729-B4FA-E14AA0517A12}.Release|Any CPU.ActiveCfg = Release|iPhone
		{0F84FE47-734B-4729-B4FA-E14AA0517A12}.Release|ARM.ActiveCfg = Release|iPhone
		{0F84FE47-734B-4729-B4FA-E14AA0517A12}.Release|iPhone.ActiveCfg = Release|iPhone
		{0F84FE47-734B-4729-B4FA-E14AA0517A12}.Release|iPhone.Build.0 = Release|iPhone
		{0F84FE47-734B-4729-B4FA-E14AA0517A12}.Release|iPhoneSimulator.ActiveCfg = Release|iPhoneSimulator
		{0F84FE47-734B-4729-B4FA-E14AA0517A12}.Release|iPhoneSimulator.Build.0 = Release|iPhoneSimulator
		{0F84FE47-734B-4729-B4FA-E14AA0517A12}.Release|x64.ActiveCfg = Release|iPhone
		{0F84FE47-734B-4729-B4FA-E14AA0517A12}.Release|x86.ActiveCfg = Release|iPhone
	EndGlobalSection
	GlobalSection(SolutionProperties) = preSolution
		HideSolutionNode = FALSE
	EndGlobalSection
EndGlobal
